
Microsoft Visual Studio Solution File, Format Version 12.00
# Visual Studio Version 17
VisualStudioVersion = 17.9.34728.123
MinimumVisualStudioVersion = 10.0.40219.1
Project("{FAE04EC0-301F-11D3-BF4B-00C04F79EFBC}") = "Master Shield System", "Master Shield System\Master Shield System.csproj", "{F3A48DDB-EED5-45D5-B985-9200E11E2884}"
EndProject
Project("{FAE04EC0-301F-11D3-BF4B-00C04F79EFBC}") = "MSSLibrary", "MSSLibrary\MSSLibrary.csproj", "{4ED3E1B5-B29C-400B-9DAF-5C766AD7A64D}"
EndProject
Project("{2150E333-8FDC-42A3-9474-1A3956D46DE8}") = "Dump - Sql Files", "Dump - Sql Files", "{F5A66F6C-3B8E-4D68-A170-88D5F3146305}"
	ProjectSection(SolutionItems) = preProject
		..\..\Users\raulv\OneDrive\Documentos\dumps\Dump - SGRPG\sgrpg_tblapi.sql = ..\..\Users\raulv\OneDrive\Documentos\dumps\Dump - SGRPG\sgrpg_tblapi.sql
		..\..\Users\raulv\OneDrive\Documentos\dumps\Dump - SGRPG\sgrpg_tblboard.sql = ..\..\Users\raulv\OneDrive\Documentos\dumps\Dump - SGRPG\sgrpg_tblboard.sql
		..\..\Users\raulv\OneDrive\Documentos\dumps\Dump - SGRPG\sgrpg_tblcity.sql = ..\..\Users\raulv\OneDrive\Documentos\dumps\Dump - SGRPG\sgrpg_tblcity.sql
		..\..\Users\raulv\OneDrive\Documentos\dumps\Dump - SGRPG\sgrpg_tblnpc.sql = ..\..\Users\raulv\OneDrive\Documentos\dumps\Dump - SGRPG\sgrpg_tblnpc.sql
	EndProjectSection
EndProject
Global
	GlobalSection(SolutionConfigurationPlatforms) = preSolution
		Debug|Any CPU = Debug|Any CPU
		Release|Any CPU = Release|Any CPU
	EndGlobalSection
	GlobalSection(ProjectConfigurationPlatforms) = postSolution
		{F3A48DDB-EED5-45D5-B985-9200E11E2884}.Debug|Any CPU.ActiveCfg = Debug|Any CPU
		{F3A48DDB-EED5-45D5-B985-9200E11E2884}.Debug|Any CPU.Build.0 = Debug|Any CPU
		{F3A48DDB-EED5-45D5-B985-9200E11E2884}.Release|Any CPU.ActiveCfg = Release|Any CPU
		{F3A48DDB-EED5-45D5-B985-9200E11E2884}.Release|Any CPU.Build.0 = Release|Any CPU
		{4ED3E1B5-B29C-400B-9DAF-5C766AD7A64D}.Debug|Any CPU.ActiveCfg = Debug|Any CPU
		{4ED3E1B5-B29C-400B-9DAF-5C766AD7A64D}.Debug|Any CPU.Build.0 = Debug|Any CPU
		{4ED3E1B5-B29C-400B-9DAF-5C766AD7A64D}.Release|Any CPU.ActiveCfg = Release|Any CPU
		{4ED3E1B5-B29C-400B-9DAF-5C766AD7A64D}.Release|Any CPU.Build.0 = Release|Any CPU
	EndGlobalSection
	GlobalSection(SolutionProperties) = preSolution
		HideSolutionNode = FALSE
	EndGlobalSection
	GlobalSection(ExtensibilityGlobals) = postSolution
		SolutionGuid = {F4CB9D90-BD2F-4B8A-953C-6A28CC419EDF}
	EndGlobalSection
EndGlobal
